NeoBundleLock Colour-Sampler-Pack 05cded87b2ef29aaa9e930230bb88e23abff4441
NeoBundleLock EasyGrep 9b938ec84f193f12dd7721a67f90d4656dcc3c1e
NeoBundleLock EvalSelection.vim e84bf6c112bc02bdb7101e685bad4bdd41f71b63
NeoBundleLock JavaScript-Indent 3c2001b60b57d8ca45c1ae65e0eac72221640ab6
NeoBundleLock brainfuck-syntax d61b9bbfc2d6731b6f1165d545580c189923a842
NeoBundleLock ctrlp.vim b5d3fe66a58a13d2ff8b6391f4387608496a030f
NeoBundleLock delimitMate d24ad6b301685cd3b9278420248cc780fdc8fc59
NeoBundleLock emmet-vim 610c2ea6730eab2f3a9bbbfc423ac4bdd6db2c96
NeoBundleLock gruvbox 705e68d90d6596c621093a28bf480a572a41ad02
NeoBundleLock hasksyn c434040bf13a17ca20a551223021b3ace7e453b9
NeoBundleLock multvals.vim 056f411ca44af4e7da2b0d1a2d11b9c2150c6f78
NeoBundleLock neobundle.vim 02bd438c42748980d21f6a01860f383e9cc62335
NeoBundleLock neocomplete.vim 890d68ad85f30dbe449a9e58a8646b1f6d7a7f6e
NeoBundleLock nerdtree af85499edace2acca27ce41790ac333f62b689bb
NeoBundleLock netrw 7ffad72e02a3f1f68a8a56e4122bddfd5abdb7b7
NeoBundleLock open-browser.vim e17535850b8096b79907df9059fb43c51448f038
NeoBundleLock prolog.vim d80166c29d95a5d32ed3a906e2dc8111a4a5a012
NeoBundleLock rust.vim 2450ecf3091cc7c2711ca9f00eae8e3bedd04376
NeoBundleLock scss-syntax.vim 35f47ff7473939fdfcf7ba9ce36f0d8fb4bd4142
NeoBundleLock seti.vim 519a773fd6221fcdb9000d7dbb364da04021c011
NeoBundleLock snipmate-snippets-rubymotion 792ac044ee13566699ac7faadf7c940a419c20b8
NeoBundleLock swift.vim 70b5f25ff15ba516116030d8c504b72fea67d2c1
NeoBundleLock syntastic b8682c3029de5913e0a63a45e5f4d6f3b5e4920e
NeoBundleLock tabular 60f25648814f0695eeb6c1040d97adca93c4e0bb
NeoBundleLock tagbar 399b75256ac7333d7119d11047f6b3aff8fa2828
NeoBundleLock tern_for_vim dbc3ea17fdc068287d69dcb72da58ebe790b4a0c
NeoBundleLock thrift.vim b7bb92c49c002b9fa0ea118174fd6c1e8f0ea0a5
NeoBundleLock tlib_vim c9ffbef0718a35bd30eb711456e2100e4adf79f7
NeoBundleLock unite.vim 76f8177c1ef87f3fdd57af044f109dc03a4047b4
NeoBundleLock vim-addon-mw-utils 0c5612fa31ee434ba055e21c76f456244b3b5109
NeoBundleLock vim-bundler 207e213d40c53e1f41071eb5225ecfe409fbb595
NeoBundleLock vim-coffee-script 32fe889b8cafd3a4921ef8e6485156453ff58c42
NeoBundleLock vim-commentary 9c685131a5facfa0d643feca3a61b41c007d8170
NeoBundleLock vim-easy-align c62d124be614de65922b15d468c4049d1eee9353
NeoBundleLock vim-endwise 4fab89df25457d68090f4aff86059ce7809bfc1f
NeoBundleLock vim-exchange e459b577401ed6e128583646f41a33619955c6e6
NeoBundleLock vim-fugitive e065e4f841f4a033ac9a6156573a446007617b1d
NeoBundleLock vim-gista a6cc5edc4e6dfcf7f6d7cf4dbcfbca6082f78957
NeoBundleLock vim-go 3df3cbf2e7ab9d76fd67f9f4077060b4450ba90c
NeoBundleLock vim-javascript bab4f3944fb6ef0953991ddfb6c734219c95b83a
NeoBundleLock vim-json f5e3181d0b33a9c51377bb7ea8492feddca8b503
NeoBundleLock vim-jsx 82773e7be94c558c2de6bc1e84054c3915a70cb3
NeoBundleLock vim-less cd906a6e756be78d7f9db177bd851aa364d34122
NeoBundleLock vim-powerline 09c0cea859a2e0989eea740655b35976d951a84e
NeoBundleLock vim-preview 68651a387a8b44b9aaeb9d888545812f2b86c161
NeoBundleLock vim-ragtag 92e7c0656bc1887362184decde83739aab49bab7
NeoBundleLock vim-rails 718456e368b1218800cb80e8e4c429965e485091
NeoBundleLock vim-rake c38ed340c43ad82b148001f97c61520adaf40ef5
NeoBundleLock vim-react-snippets ce7684ca9d93a24fb8359a7af4694aca2cc2caee
NeoBundleLock vim-rsi dfc5288097b83d1eb3173d8be348a11f3d467d8e
NeoBundleLock vim-ruby b0decc92ee569c087d5b37419d7691c5c97f870c
NeoBundleLock vim-ruby-xmpfilter 8612796004396616c53f05fbf328bfc2fd62fbb2
NeoBundleLock vim-scala 71ada50fc5e2b3c9fdbdb75835a218d2c245efec
NeoBundleLock vim-slim 0daaa8581f9a9968cebbc7d14ae9acf1625c0389
NeoBundleLock vim-snipmate 2d3e8ddc4424088d8e19c33764fff077f3116f55
NeoBundleLock vim-snippets 69c918175c77c0a0516c3ab587509a3eca38b3ae
