NeoBundleLock Colour-Sampler-Pack 05cded87b2ef29aaa9e930230bb88e23abff4441
NeoBundleLock EasyGrep 9b938ec84f193f12dd7721a67f90d4656dcc3c1e
NeoBundleLock EvalSelection.vim e84bf6c112bc02bdb7101e685bad4bdd41f71b63
NeoBundleLock LaTeX-Box 3c2901e12cb78bfb2be58ba4c62a488612550fe1
NeoBundleLock brainfuck-syntax d61b9bbfc2d6731b6f1165d545580c189923a842
NeoBundleLock cool.vim 67bfa18f1b384aa3c264370b947d1ba4b053769d
NeoBundleLock ctrlp.vim 564176f01d7f3f7f8ab452ff4e1f5314de7b0981
NeoBundleLock dash.vim 4b01b6cd20fb77089b4222133c791602d140d901
NeoBundleLock delimitMate 8bc47fd1c40cdad9ea1f36c0cf13592c70ea65e9
NeoBundleLock emmet-vim 0ccaa29dbde268888be21705b0de5de89b59ef48
NeoBundleLock gruvbox 91bae6876031ececf151cc4f28aa5fb8c93681e4
NeoBundleLock hasksyn c434040bf13a17ca20a551223021b3ace7e453b9
NeoBundleLock multvals.vim 056f411ca44af4e7da2b0d1a2d11b9c2150c6f78
NeoBundleLock neobundle.vim bb8cdbb5d7d9738df787a2d1f74bd9baeb762e2d
NeoBundleLock neocomplete.vim bd5cc9e73dedb07f1ab0a99cc7943ef16732e3e9
NeoBundleLock nerdtree 4ebbb533c3faf2c480211db2b547972bb3b60f2b
NeoBundleLock netrw c2004d0f7da27eef7e9521bcd76e42d45c6a7126
NeoBundleLock open-browser.vim 9aefebf2a6af73f2657754c18ef89e399ae573bf
NeoBundleLock prolog.vim 280a5ec5d219900042585a862e5fab0c44dcd733
NeoBundleLock rust.vim 2450ecf3091cc7c2711ca9f00eae8e3bedd04376
NeoBundleLock scss-syntax.vim a834e4357dd91252b507a6893ef19e8d932c5f83
NeoBundleLock seti.vim c5389d73647ad4ad14c7e28efb6af3483ad801de
NeoBundleLock snipmate-snippets-rubymotion 792ac044ee13566699ac7faadf7c940a419c20b8
NeoBundleLock swift.vim 0fe633bfcd89471270e9b0c12e04822f42ac5190
NeoBundleLock syntastic 85b5cabdcd933f940536c91e50f071ace088ba94
NeoBundleLock tabular 60f25648814f0695eeb6c1040d97adca93c4e0bb
NeoBundleLock tagbar 7b36c46d17d57db34fdb0adac9ba6382d0bb5e66
NeoBundleLock tern_for_vim 0c74dbb9d8985d6abdf50cdc0a08ef8c14484636
NeoBundleLock thrift.vim 7c937d2a08e1154b2586729b67f0d1c8f5940e86
NeoBundleLock tlib_vim bd4da0e28b345c2d373f846a7a6fbc0785b5ca06
NeoBundleLock tsuquyomi b05558d5c97dd201386ee6ebf3835cbf76d90aff
NeoBundleLock typescript-vim fa1efac6ce022fc307836d34828c6aff43481233
NeoBundleLock unite.vim bb2654fdcf79383216b1707c021351a05b630985
NeoBundleLock vim-addon-mw-utils 0c5612fa31ee434ba055e21c76f456244b3b5109
NeoBundleLock vim-bazel 0ea291e1b7fc4f3e1b3644505adc6c1d53a37cc0
NeoBundleLock vim-bundler b42217a20cd4cac5a00096dc4e98d2497c21b3fe
NeoBundleLock vim-coffee-script 32fe889b8cafd3a4921ef8e6485156453ff58c42
NeoBundleLock vim-commentary 73e0d9a9d1f51b6cc9dc965f62669194ae851cb1
NeoBundleLock vim-easy-align 0cb6b98fc155717b0a56c110551ac57d1d951ddb
NeoBundleLock vim-endwise 0067ceda37725d01b7bd5bf249d63b1b5d4e2ab4
NeoBundleLock vim-exchange 9373a8471cd968e5e4605c3487f80c9364d412b2
NeoBundleLock vim-fugitive 57afba5bdd49b59d57485f90aa0cf3f3a6c47f63
NeoBundleLock vim-gista f26ce2c6fa2dbce0b309c17e09a6d5cd016cd7dd
NeoBundleLock vim-go 3efc952a7fb754b43b4c21474046126562f83efc
NeoBundleLock vim-javascript 1d8c2677d26d6b3950b90dc1636e63334c8efc3b
NeoBundleLock vim-javascript-syntax 9e019fccd738ba73713268a327ac3765646a4edd
NeoBundleLock vim-jison fe4cc289cf518b901f1d5e9dce382977fe3531d6
NeoBundleLock vim-json f5e3181d0b33a9c51377bb7ea8492feddca8b503
NeoBundleLock vim-jsx 2bd9126d7783d93e4c3fe3305332d491b754663e
NeoBundleLock vim-less cd906a6e756be78d7f9db177bd851aa364d34122
NeoBundleLock vim-mustache-handlebars d1c983f3dd9a159c128c5192062caf7d47fd0f14
NeoBundleLock vim-powerline 09c0cea859a2e0989eea740655b35976d951a84e
NeoBundleLock vim-preview 68651a387a8b44b9aaeb9d888545812f2b86c161
NeoBundleLock vim-ragtag 9378cddc1c264f777af59f04e5b8d64eca8ee5fd
NeoBundleLock vim-rails eb388f0836236de808d2deab227d2ec29d5c3d66
NeoBundleLock vim-rake 82ad45543f0d13dfa7d3f59ca4cd54d0e145417f
NeoBundleLock vim-react-snippets 8ba184ca8df13f978f5684b478cf9246949f27ae
NeoBundleLock vim-rsi b689ee4276d82feb21b21661a6500755ff6b2fde
NeoBundleLock vim-ruby 666adb5bcdfb2d21572a58fcdf7545a26bac32a0
NeoBundleLock vim-scala e590ca15ea8a35dd9f70f03273ee36ba6b6cb08b
NeoBundleLock vim-slim 0daaa8581f9a9968cebbc7d14ae9acf1625c0389
NeoBundleLock vim-snipmate 71250b0ef2b03b40ded5e93f4abe66fc2ee4aa75
NeoBundleLock vim-snippets 016da6cc432bd1a9d2a4ca05b5c48611924a0feb
NeoBundleLock vim-surround 2d05440ad23f97a7874ebd9b5de3a0e65d25d85c
NeoBundleLock vimproc.vim 9269f3861a767733cc4d9fc44668e98fabcca7e9
