NeoBundleLock vim-endwise 96eb11755bb2d1a5583d44e9bcd10481bca45693
NeoBundleLock ctrlp.vim b5d3fe66a58a13d2ff8b6391f4387608496a030f
NeoBundleLock vim-javascript-syntax 386c24a265ebb7bc3891e5f698ca1c7d64486e7d
NeoBundleLock tagbar a084e47eb47a171910c72ef21cc599c5bc2980a1
NeoBundleLock vim-ragtag 12e379989e3258af0934e10173386235c7d69944
NeoBundleLock Colour-Sampler-Pack 05cded87b2ef29aaa9e930230bb88e23abff4441
NeoBundleLock vim-addon-mw-utils 0c5612fa31ee434ba055e21c76f456244b3b5109
NeoBundleLock vim-exchange 3eea6c08fd060a40061e38fe2eb6c171ee7a75bb
NeoBundleLock snipmate-snippets-rubymotion 792ac044ee13566699ac7faadf7c940a419c20b8
NeoBundleLock vim-ruby-xmpfilter 8612796004396616c53f05fbf328bfc2fd62fbb2
NeoBundleLock syntastic 67ffe58818930e95163ead541a2700cec41c13f7
NeoBundleLock vim-coffee-script 827e4a38b07479433b619091469a7495a392df8a
NeoBundleLock netrw dc3c7feb7ce677878ef70e10ac7c1291e0d50594
NeoBundleLock emmet-vim 8b703a0a00a23a96477155099946714f6fdc2e63
NeoBundleLock vim-fugitive 2c8461db084d205903a792a23163faa546f143c9
NeoBundleLock hasksyn c434040bf13a17ca20a551223021b3ace7e453b9
NeoBundleLock rust.vim 52334abc5664d11b43faee7dadd2e24012b0b284
NeoBundleLock vim-nerdtree-tabs 0decec122e9bb3e9328b01fa20a9650e79cc6ca7
NeoBundleLock vim-json 427d9700ac2bf4822dff6ba8a95ad019e855ec17
NeoBundleLock gruvbox b7d8d25b4a92b25da5ca8e9f6d0795cecacc28fc
NeoBundleLock nerdtree 3b98a7fcae8f9fff356907171f0406ff8cd28921
NeoBundleLock vim-powerline 09c0cea859a2e0989eea740655b35976d951a84e
NeoBundleLock vim-preview bb18bb0fb1bdd3ee4a8d733fa134f5da0645b8e0
NeoBundleLock vim-commentary 9c685131a5facfa0d643feca3a61b41c007d8170
NeoBundleLock vim-snipmate e6eb057a58e2fe98137997157d0eff9d1a975888
NeoBundleLock vim-bundler 48abb774c72732a75f8ab05ee7493b1041dd8ae8
NeoBundleLock vim-rails 9ec44f4bcd63e29ba3f62266072ee12a2937e5e3
NeoBundleLock vim-less 5a1f59900acba36ae7ce6dcbc2483cf8795c710c
NeoBundleLock tlib_vim b730863d67f26e01868fee5a9a680a0c721bd44a
NeoBundleLock vim-snippets f726ac407e6947545e3bcfad4b0092b520b85e97
NeoBundleLock neobundle.vim 982d2cac0c0d26582653e6ee0e8cd891ecac5772
NeoBundleLock vim-ruby 5e429a504f016c86a8989be2554239d175e366e9
NeoBundleLock EasyGrep 9b938ec84f193f12dd7721a67f90d4656dcc3c1e
NeoBundleLock vim-rake 13533d90cfcc735cf4e187eb0c223289ed2dbb1c
NeoBundleLock neocomplete.vim cc148d5e12fd1fd19e27e407b5eed1f925e27a3d
NeoBundleLock vim-slim 0daaa8581f9a9968cebbc7d14ae9acf1625c0389
NeoBundleLock delimitMate 38487bbec8ba50834e257940b357de03991fa8f9
